// !$*UTF8*$!
{
	archiveVersion = 1;
	classes = {
	};
	objectVersion = 46;
	objects = {

/* Begin PBXBuildFile section */
		396F6E581EA8BD9700EC4F69 /* Assets.xcassets in Resources */ = {isa = PBXBuildFile; fileRef = 396F6E571EA8BD9700EC4F69 /* Assets.xcassets */; };
		396F6E5B1EA8BD9700EC4F69 /* LaunchScreen.storyboard in Resources */ = {isa = PBXBuildFile; fileRef = 396F6E591EA8BD9700EC4F69 /* LaunchScreen.storyboard */; };
		39F42CF31EB23B56002919D7 /* AppDelegate.swift in Sources */ = {isa = PBXBuildFile; fileRef = 39F42CCB1EB23B56002919D7 /* AppDelegate.swift */; };
		39F42CF41EB23B56002919D7 /* RootWireFrame.swift in Sources */ = {isa = PBXBuildFile; fileRef = 39F42CCC1EB23B56002919D7 /* RootWireFrame.swift */; };
		39F42CF51EB23B56002919D7 /* DataSource.swift in Sources */ = {isa = PBXBuildFile; fileRef = 39F42CCF1EB23B56002919D7 /* DataSource.swift */; };
		39F42CF61EB23B56002919D7 /* MHFileManager.swift in Sources */ = {isa = PBXBuildFile; fileRef = 39F42CD11EB23B56002919D7 /* MHFileManager.swift */; };
		39F42CF71EB23B56002919D7 /* AccessToken.swift in Sources */ = {isa = PBXBuildFile; fileRef = 39F42CD31EB23B56002919D7 /* AccessToken.swift */; };
		39F42CF81EB23B56002919D7 /* FileObject.swift in Sources */ = {isa = PBXBuildFile; fileRef = 39F42CD41EB23B56002919D7 /* FileObject.swift */; };
		39F42CF91EB23B56002919D7 /* UserModel.swift in Sources */ = {isa = PBXBuildFile; fileRef = 39F42CD51EB23B56002919D7 /* UserModel.swift */; };
		39F42CFA1EB23B56002919D7 /* NetworkManager.swift in Sources */ = {isa = PBXBuildFile; fileRef = 39F42CD71EB23B56002919D7 /* NetworkManager.swift */; };
		39F42CFB1EB23B56002919D7 /* NetworkManagerProtocol.swift in Sources */ = {isa = PBXBuildFile; fileRef = 39F42CD81EB23B56002919D7 /* NetworkManagerProtocol.swift */; };
		39F42CFC1EB23B56002919D7 /* UserNavBar.swift in Sources */ = {isa = PBXBuildFile; fileRef = 39F42CD91EB23B56002919D7 /* UserNavBar.swift */; };
		39F42CFD1EB23B56002919D7 /* MainInteractor.swift in Sources */ = {isa = PBXBuildFile; fileRef = 39F42CDC1EB23B56002919D7 /* MainInteractor.swift */; };
		39F42CFE1EB23B56002919D7 /* MainInteractorProtocol.swift in Sources */ = {isa = PBXBuildFile; fileRef = 39F42CDD1EB23B56002919D7 /* MainInteractorProtocol.swift */; };
		39F42CFF1EB23B56002919D7 /* MainWireFrame.swift in Sources */ = {isa = PBXBuildFile; fileRef = 39F42CDF1EB23B56002919D7 /* MainWireFrame.swift */; };
		39F42D001EB23B56002919D7 /* MainWireFrameProtocol.swift in Sources */ = {isa = PBXBuildFile; fileRef = 39F42CE01EB23B56002919D7 /* MainWireFrameProtocol.swift */; };
		39F42D011EB23B56002919D7 /* FileCell.swift in Sources */ = {isa = PBXBuildFile; fileRef = 39F42CE31EB23B56002919D7 /* FileCell.swift */; };
		39F42D021EB23B56002919D7 /* Main.storyboard in Resources */ = {isa = PBXBuildFile; fileRef = 39F42CE41EB23B56002919D7 /* Main.storyboard */; };
		39F42D031EB23B56002919D7 /* MainVC.swift in Sources */ = {isa = PBXBuildFile; fileRef = 39F42CE51EB23B56002919D7 /* MainVC.swift */; };
		39F42D041EB23B56002919D7 /* MainVCProtocol.swift in Sources */ = {isa = PBXBuildFile; fileRef = 39F42CE61EB23B56002919D7 /* MainVCProtocol.swift */; };
		39F42D051EB23B56002919D7 /* PDFInteractorProtocol.swift in Sources */ = {isa = PBXBuildFile; fileRef = 39F42CE91EB23B56002919D7 /* PDFInteractorProtocol.swift */; };
		39F42D061EB23B56002919D7 /* PDFInteractor.swift in Sources */ = {isa = PBXBuildFile; fileRef = 39F42CEA1EB23B56002919D7 /* PDFInteractor.swift */; };
		39F42D071EB23B56002919D7 /* PDFWireFrame.swift in Sources */ = {isa = PBXBuildFile; fileRef = 39F42CEC1EB23B56002919D7 /* PDFWireFrame.swift */; };
		39F42D081EB23B56002919D7 /* PDFWireFrameProtocol.swift in Sources */ = {isa = PBXBuildFile; fileRef = 39F42CED1EB23B56002919D7 /* PDFWireFrameProtocol.swift */; };
		39F42D091EB23B56002919D7 /* PdfViewController.swift in Sources */ = {isa = PBXBuildFile; fileRef = 39F42CEF1EB23B56002919D7 /* PdfViewController.swift */; };
		39F42D0A1EB23B56002919D7 /* String+Subscripts.swift in Sources */ = {isa = PBXBuildFile; fileRef = 39F42CF11EB23B56002919D7 /* String+Subscripts.swift */; };
		39F42D0B1EB23B56002919D7 /* UIImageView+Loading.swift in Sources */ = {isa = PBXBuildFile; fileRef = 39F42CF21EB23B56002919D7 /* UIImageView+Loading.swift */; };
		AFE35C3BE7D581385773D9DD /* Pods_MH_FileManager.framework in Frameworks */ = {isa = PBXBuildFile; fileRef = 6DCD453FF4766F7FE45882E5 /* Pods_MH_FileManager.framework */; };
/* End PBXBuildFile section */

/* Begin PBXFileReference section */
		396F6E4D1EA8BD9700EC4F69 /* MH-FileManager.app */ = {isa = PBXFileReference; explicitFileType = wrapper.application; includeInIndex = 0; path = "MH-FileManager.app"; sourceTree = BUILT_PRODUCTS_DIR; };
		396F6E571EA8BD9700EC4F69 /* Assets.xcassets */ = {isa = PBXFileReference; lastKnownFileType = folder.assetcatalog; path = Assets.xcassets; sourceTree = "<group>"; };
		396F6E5A1EA8BD9700EC4F69 /* Base */ = {isa = PBXFileReference; lastKnownFileType = file.storyboard; name = Base; path = Base.lproj/LaunchScreen.storyboard; sourceTree = "<group>"; };
		396F6E5C1EA8BD9700EC4F69 /* Info.plist */ = {isa = PBXFileReference; lastKnownFileType = text.plist.xml; path = Info.plist; sourceTree = "<group>"; };
		39F42CCB1EB23B56002919D7 /* AppDelegate.swift */ = {isa = PBXFileReference; fileEncoding = 4; lastKnownFileType = sourcecode.swift; path = AppDelegate.swift; sourceTree = "<group>"; };
		39F42CCC1EB23B56002919D7 /* RootWireFrame.swift */ = {isa = PBXFileReference; fileEncoding = 4; lastKnownFileType = sourcecode.swift; path = RootWireFrame.swift; sourceTree = "<group>"; };
		39F42CCF1EB23B56002919D7 /* DataSource.swift */ = {isa = PBXFileReference; fileEncoding = 4; lastKnownFileType = sourcecode.swift; path = DataSource.swift; sourceTree = "<group>"; };
		39F42CD11EB23B56002919D7 /* MHFileManager.swift */ = {isa = PBXFileReference; fileEncoding = 4; lastKnownFileType = sourcecode.swift; path = MHFileManager.swift; sourceTree = "<group>"; };
		39F42CD31EB23B56002919D7 /* AccessToken.swift */ = {isa = PBXFileReference; fileEncoding = 4; lastKnownFileType = sourcecode.swift; path = AccessToken.swift; sourceTree = "<group>"; };
		39F42CD41EB23B56002919D7 /* FileObject.swift */ = {isa = PBXFileReference; fileEncoding = 4; lastKnownFileType = sourcecode.swift; path = FileObject.swift; sourceTree = "<group>"; };
		39F42CD51EB23B56002919D7 /* UserModel.swift */ = {isa = PBXFileReference; fileEncoding = 4; lastKnownFileType = sourcecode.swift; path = UserModel.swift; sourceTree = "<group>"; };
		39F42CD71EB23B56002919D7 /* NetworkManager.swift */ = {isa = PBXFileReference; fileEncoding = 4; lastKnownFileType = sourcecode.swift; path = NetworkManager.swift; sourceTree = "<group>"; };
		39F42CD81EB23B56002919D7 /* NetworkManagerProtocol.swift */ = {isa = PBXFileReference; fileEncoding = 4; lastKnownFileType = sourcecode.swift; path = NetworkManagerProtocol.swift; sourceTree = "<group>"; };
		39F42CD91EB23B56002919D7 /* UserNavBar.swift */ = {isa = PBXFileReference; fileEncoding = 4; lastKnownFileType = sourcecode.swift; path = UserNavBar.swift; sourceTree = "<group>"; };
		39F42CDC1EB23B56002919D7 /* MainInteractor.swift */ = {isa = PBXFileReference; fileEncoding = 4; lastKnownFileType = sourcecode.swift; path = MainInteractor.swift; sourceTree = "<group>"; };
		39F42CDD1EB23B56002919D7 /* MainInteractorProtocol.swift */ = {isa = PBXFileReference; fileEncoding = 4; lastKnownFileType = sourcecode.swift; path = MainInteractorProtocol.swift; sourceTree = "<group>"; };
		39F42CDF1EB23B56002919D7 /* MainWireFrame.swift */ = {isa = PBXFileReference; fileEncoding = 4; lastKnownFileType = sourcecode.swift; path = MainWireFrame.swift; sourceTree = "<group>"; };
		39F42CE01EB23B56002919D7 /* MainWireFrameProtocol.swift */ = {isa = PBXFileReference; fileEncoding = 4; lastKnownFileType = sourcecode.swift; path = MainWireFrameProtocol.swift; sourceTree = "<group>"; };
		39F42CE31EB23B56002919D7 /* FileCell.swift */ = {isa = PBXFileReference; fileEncoding = 4; lastKnownFileType = sourcecode.swift; path = FileCell.swift; sourceTree = "<group>"; };
		39F42CE41EB23B56002919D7 /* Main.storyboard */ = {isa = PBXFileReference; fileEncoding = 4; lastKnownFileType = file.storyboard; path = Main.storyboard; sourceTree = "<group>"; };
		39F42CE51EB23B56002919D7 /* MainVC.swift */ = {isa = PBXFileReference; fileEncoding = 4; lastKnownFileType = sourcecode.swift; path = MainVC.swift; sourceTree = "<group>"; };
		39F42CE61EB23B56002919D7 /* MainVCProtocol.swift */ = {isa = PBXFileReference; fileEncoding = 4; lastKnownFileType = sourcecode.swift; path = MainVCProtocol.swift; sourceTree = "<group>"; };
		39F42CE91EB23B56002919D7 /* PDFInteractorProtocol.swift */ = {isa = PBXFileReference; fileEncoding = 4; lastKnownFileType = sourcecode.swift; path = PDFInteractorProtocol.swift; sourceTree = "<group>"; };
		39F42CEA1EB23B56002919D7 /* PDFInteractor.swift */ = {isa = PBXFileReference; fileEncoding = 4; lastKnownFileType = sourcecode.swift; path = PDFInteractor.swift; sourceTree = "<group>"; };
		39F42CEC1EB23B56002919D7 /* PDFWireFrame.swift */ = {isa = PBXFileReference; fileEncoding = 4; lastKnownFileType = sourcecode.swift; path = PDFWireFrame.swift; sourceTree = "<group>"; };
		39F42CED1EB23B56002919D7 /* PDFWireFrameProtocol.swift */ = {isa = PBXFileReference; fileEncoding = 4; lastKnownFileType = sourcecode.swift; path = PDFWireFrameProtocol.swift; sourceTree = "<group>"; };
		39F42CEF1EB23B56002919D7 /* PdfViewController.swift */ = {isa = PBXFileReference; fileEncoding = 4; lastKnownFileType = sourcecode.swift; path = PdfViewController.swift; sourceTree = "<group>"; };
		39F42CF11EB23B56002919D7 /* String+Subscripts.swift */ = {isa = PBXFileReference; fileEncoding = 4; lastKnownFileType = sourcecode.swift; path = "String+Subscripts.swift"; sourceTree = "<group>"; };
		39F42CF21EB23B56002919D7 /* UIImageView+Loading.swift */ = {isa = PBXFileReference; fileEncoding = 4; lastKnownFileType = sourcecode.swift; path = "UIImageView+Loading.swift"; sourceTree = "<group>"; };
		5BB849A4095FAEA058CE8669 /* Pods-MH-FileManager.release.xcconfig */ = {isa = PBXFileReference; includeInIndex = 1; lastKnownFileType = text.xcconfig; name = "Pods-MH-FileManager.release.xcconfig"; path = "Pods/Target Support Files/Pods-MH-FileManager/Pods-MH-FileManager.release.xcconfig"; sourceTree = "<group>"; };
		65B38251D46965F6E611601E /* Pods-MH-FileManager.debug.xcconfig */ = {isa = PBXFileReference; includeInIndex = 1; lastKnownFileType = text.xcconfig; name = "Pods-MH-FileManager.debug.xcconfig"; path = "Pods/Target Support Files/Pods-MH-FileManager/Pods-MH-FileManager.debug.xcconfig"; sourceTree = "<group>"; };
		6DCD453FF4766F7FE45882E5 /* Pods_MH_FileManager.framework */ = {isa = PBXFileReference; explicitFileType = wrapper.framework; includeInIndex = 0; path = Pods_MH_FileManager.framework; sourceTree = BUILT_PRODUCTS_DIR; };
/* End PBXFileReference section */

/* Begin PBXFrameworksBuildPhase section */
		396F6E4A1EA8BD9700EC4F69 /* Frameworks */ = {
			isa = PBXFrameworksBuildPhase;
			buildActionMask = 2147483647;
			files = (
				AFE35C3BE7D581385773D9DD /* Pods_MH_FileManager.framework in Frameworks */,
			);
			runOnlyForDeploymentPostprocessing = 0;
		};
/* End PBXFrameworksBuildPhase section */

/* Begin PBXGroup section */
		1C88A9F5505BBD91EEF0B49C /* Frameworks */ = {
			isa = PBXGroup;
			children = (
				6DCD453FF4766F7FE45882E5 /* Pods_MH_FileManager.framework */,
			);
			name = Frameworks;
			sourceTree = "<group>";
		};
		396F6E441EA8BD9700EC4F69 = {
			isa = PBXGroup;
			children = (
				396F6E4F1EA8BD9700EC4F69 /* MH-FileManager */,
				396F6E4E1EA8BD9700EC4F69 /* Products */,
				963BA41E3955F8FAA31CF33B /* Pods */,
				1C88A9F5505BBD91EEF0B49C /* Frameworks */,
			);
			sourceTree = "<group>";
		};
		396F6E4E1EA8BD9700EC4F69 /* Products */ = {
			isa = PBXGroup;
			children = (
				396F6E4D1EA8BD9700EC4F69 /* MH-FileManager.app */,
			);
			name = Products;
			sourceTree = "<group>";
		};
		396F6E4F1EA8BD9700EC4F69 /* MH-FileManager */ = {
			isa = PBXGroup;
			children = (
				39F42CCA1EB23B56002919D7 /* AppDelegate */,
				39F42CCD1EB23B56002919D7 /* Common */,
				39F42CDA1EB23B56002919D7 /* Main */,
				39F42CE71EB23B56002919D7 /* PDF */,
				39F42CF01EB23B56002919D7 /* Extension */,
				396F6E571EA8BD9700EC4F69 /* Assets.xcassets */,
				396F6E591EA8BD9700EC4F69 /* LaunchScreen.storyboard */,
				396F6E5C1EA8BD9700EC4F69 /* Info.plist */,
			);
			path = "MH-FileManager";
			sourceTree = "<group>";
		};
		39F42CCA1EB23B56002919D7 /* AppDelegate */ = {
			isa = PBXGroup;
			children = (
				39F42CCB1EB23B56002919D7 /* AppDelegate.swift */,
				39F42CCC1EB23B56002919D7 /* RootWireFrame.swift */,
			);
			path = AppDelegate;
			sourceTree = "<group>";
		};
		39F42CCD1EB23B56002919D7 /* Common */ = {
			isa = PBXGroup;
			children = (
				39F42CCE1EB23B56002919D7 /* DataSource */,
				39F42CD01EB23B56002919D7 /* FileManager */,
				39F42CD21EB23B56002919D7 /* Models */,
				39F42CD61EB23B56002919D7 /* NetworkManager */,
				39F42CD91EB23B56002919D7 /* UserNavBar.swift */,
			);
			path = Common;
			sourceTree = "<group>";
		};
		39F42CCE1EB23B56002919D7 /* DataSource */ = {
			isa = PBXGroup;
			children = (
				39F42CCF1EB23B56002919D7 /* DataSource.swift */,
			);
			path = DataSource;
			sourceTree = "<group>";
		};
		39F42CD01EB23B56002919D7 /* FileManager */ = {
			isa = PBXGroup;
			children = (
				39F42CD11EB23B56002919D7 /* MHFileManager.swift */,
			);
			path = FileManager;
			sourceTree = "<group>";
		};
		39F42CD21EB23B56002919D7 /* Models */ = {
			isa = PBXGroup;
			children = (
				39F42CD31EB23B56002919D7 /* AccessToken.swift */,
				39F42CD41EB23B56002919D7 /* FileObject.swift */,
				39F42CD51EB23B56002919D7 /* UserModel.swift */,
			);
			path = Models;
			sourceTree = "<group>";
		};
		39F42CD61EB23B56002919D7 /* NetworkManager */ = {
			isa = PBXGroup;
			children = (
				39F42CD71EB23B56002919D7 /* NetworkManager.swift */,
				39F42CD81EB23B56002919D7 /* NetworkManagerProtocol.swift */,
			);
			path = NetworkManager;
			sourceTree = "<group>";
		};
		39F42CDA1EB23B56002919D7 /* Main */ = {
			isa = PBXGroup;
			children = (
				39F42CDB1EB23B56002919D7 /* BusinessLogic */,
				39F42CDE1EB23B56002919D7 /* Routing */,
				39F42CE11EB23B56002919D7 /* UI */,
			);
			path = Main;
			sourceTree = "<group>";
		};
		39F42CDB1EB23B56002919D7 /* BusinessLogic */ = {
			isa = PBXGroup;
			children = (
				39F42CDC1EB23B56002919D7 /* MainInteractor.swift */,
				39F42CDD1EB23B56002919D7 /* MainInteractorProtocol.swift */,
			);
			path = BusinessLogic;
			sourceTree = "<group>";
		};
		39F42CDE1EB23B56002919D7 /* Routing */ = {
			isa = PBXGroup;
			children = (
				39F42CDF1EB23B56002919D7 /* MainWireFrame.swift */,
				39F42CE01EB23B56002919D7 /* MainWireFrameProtocol.swift */,
			);
			path = Routing;
			sourceTree = "<group>";
		};
		39F42CE11EB23B56002919D7 /* UI */ = {
			isa = PBXGroup;
			children = (
				39F42CE21EB23B56002919D7 /* Cells */,
				39F42CE41EB23B56002919D7 /* Main.storyboard */,
				39F42CE51EB23B56002919D7 /* MainVC.swift */,
				39F42CE61EB23B56002919D7 /* MainVCProtocol.swift */,
			);
			path = UI;
			sourceTree = "<group>";
		};
		39F42CE21EB23B56002919D7 /* Cells */ = {
			isa = PBXGroup;
			children = (
				39F42CE31EB23B56002919D7 /* FileCell.swift */,
			);
			path = Cells;
			sourceTree = "<group>";
		};
		39F42CE71EB23B56002919D7 /* PDF */ = {
			isa = PBXGroup;
			children = (
				39F42CE81EB23B56002919D7 /* BusinessLogic */,
				39F42CEB1EB23B56002919D7 /* Routing */,
				39F42CEE1EB23B56002919D7 /* UI */,
			);
			path = PDF;
			sourceTree = "<group>";
		};
		39F42CE81EB23B56002919D7 /* BusinessLogic */ = {
			isa = PBXGroup;
			children = (
				39F42CE91EB23B56002919D7 /* PDFInteractorProtocol.swift */,
				39F42CEA1EB23B56002919D7 /* PDFInteractor.swift */,
			);
			path = BusinessLogic;
			sourceTree = "<group>";
		};
		39F42CEB1EB23B56002919D7 /* Routing */ = {
			isa = PBXGroup;
			children = (
				39F42CEC1EB23B56002919D7 /* PDFWireFrame.swift */,
				39F42CED1EB23B56002919D7 /* PDFWireFrameProtocol.swift */,
			);
			path = Routing;
			sourceTree = "<group>";
		};
		39F42CEE1EB23B56002919D7 /* UI */ = {
			isa = PBXGroup;
			children = (
				39F42CEF1EB23B56002919D7 /* PdfViewController.swift */,
			);
			path = UI;
			sourceTree = "<group>";
		};
		39F42CF01EB23B56002919D7 /* Extension */ = {
			isa = PBXGroup;
			children = (
				39F42CF11EB23B56002919D7 /* String+Subscripts.swift */,
				39F42CF21EB23B56002919D7 /* UIImageView+Loading.swift */,
			);
			path = Extension;
			sourceTree = "<group>";
		};
		963BA41E3955F8FAA31CF33B /* Pods */ = {
			isa = PBXGroup;
			children = (
				65B38251D46965F6E611601E /* Pods-MH-FileManager.debug.xcconfig */,
				5BB849A4095FAEA058CE8669 /* Pods-MH-FileManager.release.xcconfig */,
			);
			name = Pods;
			sourceTree = "<group>";
		};
/* End PBXGroup section */

/* Begin PBXNativeTarget section */
		396F6E4C1EA8BD9700EC4F69 /* MH-FileManager */ = {
			isa = PBXNativeTarget;
			buildConfigurationList = 396F6E5F1EA8BD9700EC4F69 /* Build configuration list for PBXNativeTarget "MH-FileManager" */;
			buildPhases = (
				552F3BC2F618755B52CC95DF /* [CP] Check Pods Manifest.lock */,
				396F6E491EA8BD9700EC4F69 /* Sources */,
				396F6E4A1EA8BD9700EC4F69 /* Frameworks */,
				396F6E4B1EA8BD9700EC4F69 /* Resources */,
				A4C0CE990D0342639DAA15DA /* [CP] Embed Pods Frameworks */,
				958D3FBF2CE4EB8C577E34FF /* [CP] Copy Pods Resources */,
			);
			buildRules = (
			);
			dependencies = (
			);
			name = "MH-FileManager";
			productName = "MH-FileManager";
			productReference = 396F6E4D1EA8BD9700EC4F69 /* MH-FileManager.app */;
			productType = "com.apple.product-type.application";
		};
/* End PBXNativeTarget section */

/* Begin PBXProject section */
		396F6E451EA8BD9700EC4F69 /* Project object */ = {
			isa = PBXProject;
			attributes = {
				LastSwiftUpdateCheck = 0830;
				LastUpgradeCheck = 0830;
				ORGANIZATIONNAME = "Melaniia Hulianovych";
				TargetAttributes = {
					396F6E4C1EA8BD9700EC4F69 = {
						CreatedOnToolsVersion = 8.3.1;
						ProvisioningStyle = Automatic;
					};
				};
			};
			buildConfigurationList = 396F6E481EA8BD9700EC4F69 /* Build configuration list for PBXProject "MH-FileManager" */;
			compatibilityVersion = "Xcode 3.2";
			developmentRegion = English;
			hasScannedForEncodings = 0;
			knownRegions = (
				en,
				Base,
			);
			mainGroup = 396F6E441EA8BD9700EC4F69;
			productRefGroup = 396F6E4E1EA8BD9700EC4F69 /* Products */;
			projectDirPath = "";
			projectRoot = "";
			targets = (
				396F6E4C1EA8BD9700EC4F69 /* MH-FileManager */,
			);
		};
/* End PBXProject section */

/* Begin PBXResourcesBuildPhase section */
		396F6E4B1EA8BD9700EC4F69 /* Resources */ = {
			isa = PBXResourcesBuildPhase;
			buildActionMask = 2147483647;
			files = (
				39F42D021EB23B56002919D7 /* Main.storyboard in Resources */,
				396F6E5B1EA8BD9700EC4F69 /* LaunchScreen.storyboard in Resources */,
				396F6E581EA8BD9700EC4F69 /* Assets.xcassets in Resources */,
			);
			runOnlyForDeploymentPostprocessing = 0;
		};
/* End PBXResourcesBuildPhase section */

/* Begin PBXShellScriptBuildPhase section */
		552F3BC2F618755B52CC95DF /* [CP] Check Pods Manifest.lock */ = {
			isa = PBXShellScriptBuildPhase;
			buildActionMask = 2147483647;
			files = (
			);
			inputPaths = (
			);
			name = "[CP] Check Pods Manifest.lock";
			outputPaths = (
			);
			runOnlyForDeploymentPostprocessing = 0;
			shellPath = /bin/sh;
			shellScript = "diff \"${PODS_PODFILE_DIR_PATH}/Podfile.lock\" \"${PODS_ROOT}/Manifest.lock\" > /dev/null\nif [ $? != 0 ] ; then\n    # print error to STDERR\n    echo \"error: The sandbox is not in sync with the Podfile.lock. Run 'pod install' or update your CocoaPods installation.\" >&2\n    exit 1\nfi\n";
			showEnvVarsInLog = 0;
		};
		958D3FBF2CE4EB8C577E34FF /* [CP] Copy Pods Resources */ = {
			isa = PBXShellScriptBuildPhase;
			buildActionMask = 2147483647;
			files = (
			);
			inputPaths = (
			);
			name = "[CP] Copy Pods Resources";
			outputPaths = (
			);
			runOnlyForDeploymentPostprocessing = 0;
			shellPath = /bin/sh;
			shellScript = "\"${SRCROOT}/Pods/Target Support Files/Pods-MH-FileManager/Pods-MH-FileManager-resources.sh\"\n";
			showEnvVarsInLog = 0;
		};
		A4C0CE990D0342639DAA15DA /* [CP] Embed Pods Frameworks */ = {
			isa = PBXShellScriptBuildPhase;
			buildActionMask = 2147483647;
			files = (
			);
			inputPaths = (
			);
			name = "[CP] Embed Pods Frameworks";
			outputPaths = (
			);
			runOnlyForDeploymentPostprocessing = 0;
			shellPath = /bin/sh;
			shellScript = "\"${SRCROOT}/Pods/Target Support Files/Pods-MH-FileManager/Pods-MH-FileManager-frameworks.sh\"\n";
			showEnvVarsInLog = 0;
		};
/* End PBXShellScriptBuildPhase section */

/* Begin PBXSourcesBuildPhase section */
		396F6E491EA8BD9700EC4F69 /* Sources */ = {
			isa = PBXSourcesBuildPhase;
			buildActionMask = 2147483647;
			files = (
				39F42CF81EB23B56002919D7 /* FileObject.swift in Sources */,
				39F42D0A1EB23B56002919D7 /* String+Subscripts.swift in Sources */,
				39F42CFB1EB23B56002919D7 /* NetworkManagerProtocol.swift in Sources */,
				39F42CFC1EB23B56002919D7 /* UserNavBar.swift in Sources */,
				39F42D011EB23B56002919D7 /* FileCell.swift in Sources */,
				39F42D041EB23B56002919D7 /* MainVCProtocol.swift in Sources */,
				39F42CF91EB23B56002919D7 /* UserModel.swift in Sources */,
				39F42D031EB23B56002919D7 /* MainVC.swift in Sources */,
				39F42CF51EB23B56002919D7 /* DataSource.swift in Sources */,
				39F42D071EB23B56002919D7 /* PDFWireFrame.swift in Sources */,
				39F42D001EB23B56002919D7 /* MainWireFrameProtocol.swift in Sources */,
				39F42D051EB23B56002919D7 /* PDFInteractorProtocol.swift in Sources */,
				39F42CF41EB23B56002919D7 /* RootWireFrame.swift in Sources */,
				39F42D081EB23B56002919D7 /* PDFWireFrameProtocol.swift in Sources */,
				39F42CFD1EB23B56002919D7 /* MainInteractor.swift in Sources */,
				39F42CFA1EB23B56002919D7 /* NetworkManager.swift in Sources */,
				39F42CF61EB23B56002919D7 /* MHFileManager.swift in Sources */,
				39F42D0B1EB23B56002919D7 /* UIImageView+Loading.swift in Sources */,
				39F42CFE1EB23B56002919D7 /* MainInteractorProtocol.swift in Sources */,
				39F42CF31EB23B56002919D7 /* AppDelegate.swift in Sources */,
				39F42CF71EB23B56002919D7 /* AccessToken.swift in Sources */,
				39F42D061EB23B56002919D7 /* PDFInteractor.swift in Sources */,
				39F42CFF1EB23B56002919D7 /* MainWireFrame.swift in Sources */,
				39F42D091EB23B56002919D7 /* PdfViewController.swift in Sources */,
			);
			runOnlyForDeploymentPostprocessing = 0;
		};
/* End PBXSourcesBuildPhase section */

/* Begin PBXVariantGroup section */
		396F6E591EA8BD9700EC4F69 /* LaunchScreen.storyboard */ = {
			isa = PBXVariantGroup;
			children = (
				396F6E5A1EA8BD9700EC4F69 /* Base */,
			);
			name = LaunchScreen.storyboard;
			sourceTree = "<group>";
		};
/* End PBXVariantGroup section */

/* Begin XCBuildConfiguration section */
		396F6E5D1EA8BD9700EC4F69 /* Debug */ = {
			isa = XCBuildConfiguration;
			buildSettings = {
				ALWAYS_SEARCH_USER_PATHS = NO;
				CLANG_ANALYZER_NONNULL = YES;
				CLANG_ANALYZER_NUMBER_OBJECT_CONVERSION = YES_AGGRESSIVE;
				CLANG_CXX_LANGUAGE_STANDARD = "gnu++0x";
				CLANG_CXX_LIBRARY = "libc++";
				CLANG_ENABLE_MODULES = YES;
				CLANG_ENABLE_OBJC_ARC = YES;
				CLANG_WARN_BOOL_CONVERSION = YES;
				CLANG_WARN_CONSTANT_CONVERSION = YES;
				CLANG_WARN_DIRECT_OBJC_ISA_USAGE = YES_ERROR;
				CLANG_WARN_DOCUMENTATION_COMMENTS = YES;
				CLANG_WARN_EMPTY_BODY = YES;
				CLANG_WARN_ENUM_CONVERSION = YES;
				CLANG_WARN_INFINITE_RECURSION = YES;
				CLANG_WARN_INT_CONVERSION = YES;
				CLANG_WARN_OBJC_ROOT_CLASS = YES_ERROR;
				CLANG_WARN_SUSPICIOUS_MOVE = YES;
				CLANG_WARN_UNREACHABLE_CODE = YES;
				CLANG_WARN__DUPLICATE_METHOD_MATCH = YES;
				"CODE_SIGN_IDENTITY[sdk=iphoneos*]" = "iPhone Developer";
				COPY_PHASE_STRIP = NO;
				DEBUG_INFORMATION_FORMAT = dwarf;
				ENABLE_STRICT_OBJC_MSGSEND = YES;
				ENABLE_TESTABILITY = YES;
				GCC_C_LANGUAGE_STANDARD = gnu99;
				GCC_DYNAMIC_NO_PIC = NO;
				GCC_NO_COMMON_BLOCKS = YES;
				GCC_OPTIMIZATION_LEVEL = 0;
				GCC_PREPROCESSOR_DEFINITIONS = (
					"DEBUG=1",
					"$(inherited)",
				);
				GCC_WARN_64_TO_32_BIT_CONVERSION = YES;
				GCC_WARN_ABOUT_RETURN_TYPE = YES_ERROR;
				GCC_WARN_UNDECLARED_SELECTOR = YES;
				GCC_WARN_UNINITIALIZED_AUTOS = YES_AGGRESSIVE;
				GCC_WARN_UNUSED_FUNCTION = YES;
				GCC_WARN_UNUSED_VARIABLE = YES;
				IPHONEOS_DEPLOYMENT_TARGET = 10.3;
				MTL_ENABLE_DEBUG_INFO = YES;
				ONLY_ACTIVE_ARCH = YES;
				SDKROOT = iphoneos;
				SWIFT_ACTIVE_COMPILATION_CONDITIONS = DEBUG;
				SWIFT_OPTIMIZATION_LEVEL = "-Onone";
				TARGETED_DEVICE_FAMILY = "1,2";
			};
			name = Debug;
		};
		396F6E5E1EA8BD9700EC4F69 /* Release */ = {
			isa = XCBuildConfiguration;
			buildSettings = {
				ALWAYS_SEARCH_USER_PATHS = NO;
				CLANG_ANALYZER_NONNULL = YES;
				CLANG_ANALYZER_NUMBER_OBJECT_CONVERSION = YES_AGGRESSIVE;
				CLANG_CXX_LANGUAGE_STANDARD = "gnu++0x";
				CLANG_CXX_LIBRARY = "libc++";
				CLANG_ENABLE_MODULES = YES;
				CLANG_ENABLE_OBJC_ARC = YES;
				CLANG_WARN_BOOL_CONVERSION = YES;
				CLANG_WARN_CONSTANT_CONVERSION = YES;
				CLANG_WARN_DIRECT_OBJC_ISA_USAGE = YES_ERROR;
				CLANG_WARN_DOCUMENTATION_COMMENTS = YES;
				CLANG_WARN_EMPTY_BODY = YES;
				CLANG_WARN_ENUM_CONVERSION = YES;
				CLANG_WARN_INFINITE_RECURSION = YES;
				CLANG_WARN_INT_CONVERSION = YES;
				CLANG_WARN_OBJC_ROOT_CLASS = YES_ERROR;
				CLANG_WARN_SUSPICIOUS_MOVE = YES;
				CLANG_WARN_UNREACHABLE_CODE = YES;
				CLANG_WARN__DUPLICATE_METHOD_MATCH = YES;
				"CODE_SIGN_IDENTITY[sdk=iphoneos*]" = "iPhone Developer";
				COPY_PHASE_STRIP = NO;
				DEBUG_INFORMATION_FORMAT = "dwarf-with-dsym";
				ENABLE_NS_ASSERTIONS = NO;
				ENABLE_STRICT_OBJC_MSGSEND = YES;
				GCC_C_LANGUAGE_STANDARD = gnu99;
				GCC_NO_COMMON_BLOCKS = YES;
				GCC_WARN_64_TO_32_BIT_CONVERSION = YES;
				GCC_WARN_ABOUT_RETURN_TYPE = YES_ERROR;
				GCC_WARN_UNDECLARED_SELECTOR = YES;
				GCC_WARN_UNINITIALIZED_AUTOS = YES_AGGRESSIVE;
				GCC_WARN_UNUSED_FUNCTION = YES;
				GCC_WARN_UNUSED_VARIABLE = YES;
				IPHONEOS_DEPLOYMENT_TARGET = 10.3;
				MTL_ENABLE_DEBUG_INFO = NO;
				SDKROOT = iphoneos;
				SWIFT_OPTIMIZATION_LEVEL = "-Owholemodule";
				TARGETED_DEVICE_FAMILY = "1,2";
				VALIDATE_PRODUCT = YES;
			};
			name = Release;
		};
		396F6E601EA8BD9700EC4F69 /* Debug */ = {
			isa = XCBuildConfiguration;
			baseConfigurationReference = 65B38251D46965F6E611601E /* Pods-MH-FileManager.debug.xcconfig */;
			buildSettings = {
				ASSETCATALOG_COMPILER_APPICON_NAME = AppIcon;
				INFOPLIST_FILE = "MH-FileManager/Info.plist";
				IPHONEOS_DEPLOYMENT_TARGET = 9.0;
				LD_RUNPATH_SEARCH_PATHS = "$(inherited) @executable_path/Frameworks";
				PRODUCT_BUNDLE_IDENTIFIER = "MH.MH-FileManager";
				PRODUCT_NAME = "$(TARGET_NAME)";
				SWIFT_VERSION = 3.0;
			};
			name = Debug;
		};
		396F6E611EA8BD9700EC4F69 /* Release */ = {
			isa = XCBuildConfiguration;
			baseConfigurationReference = 5BB849A4095FAEA058CE8669 /* Pods-MH-FileManager.release.xcconfig */;
			buildSettings = {
				ASSETCATALOG_COMPILER_APPICON_NAME = AppIcon;
				INFOPLIST_FILE = "MH-FileManager/Info.plist";
				IPHONEOS_DEPLOYMENT_TARGET = 9.0;
				LD_RUNPATH_SEARCH_PATHS = "$(inherited) @executable_path/Frameworks";
				PRODUCT_BUNDLE_IDENTIFIER = "MH.MH-FileManager";
				PRODUCT_NAME = "$(TARGET_NAME)";
				SWIFT_VERSION = 3.0;
			};
			name = Release;
		};
/* End XCBuildConfiguration section */

/* Begin XCConfigurationList section */
		396F6E481EA8BD9700EC4F69 /* Build configuration list for PBXProject "MH-FileManager" */ = {
			isa = XCConfigurationList;
			buildConfigurations = (
				396F6E5D1EA8BD9700EC4F69 /* Debug */,
				396F6E5E1EA8BD9700EC4F69 /* Release */,
			);
			defaultConfigurationIsVisible = 0;
			defaultConfigurationName = Release;
		};
		396F6E5F1EA8BD9700EC4F69 /* Build configuration list for PBXNativeTarget "MH-FileManager" */ = {
			isa = XCConfigurationList;
			buildConfigurations = (
				396F6E601EA8BD9700EC4F69 /* Debug */,
				396F6E611EA8BD9700EC4F69 /* Release */,
			);
			defaultConfigurationIsVisible = 0;
			defaultConfigurationName = Release;
		};
/* End XCConfigurationList section */
	};
	rootObject = 396F6E451EA8BD9700EC4F69 /* Project object */;
}
